<?xml version="1.0" encoding="utf-8"?>
<Project ToolsVersion="17.0" xmlns="http://schemas.microsoft.com/developer/msbuild/2003">
  <ItemGroup>
    <CustomBuild Include="I:\TBB\CMakeFiles\9706d45c1f939b7b63433548530faeb1\PACKAGE_force.rule">
      <Filter>CMake Rules</Filter>
    </CustomBuild>
  </ItemGroup>
  <ItemGroup>
    <Filter Include="CMake Rules">
      <UniqueIdentifier>{5725F430-2B8E-3ED1-9B85-74A2CC93C41A}</UniqueIdentifier>
    </Filter>
  </ItemGroup>
</Project>
